// !$*UTF8*$!
{
	archiveVersion = 1;
	classes = {
	};
	objectVersion = 56;
	objects = {

/* Begin PBXBuildFile section */
		50C833A82EED8C8D0030DE96 /* Localizable.strings in Resources */ = {isa = PBXBuildFile; fileRef = 50C833AA2EED8C8D0030DE96 /* Localizable.strings */; };
		AA0000010000000000000001 /* RealEstateAnalyzerApp.swift in Sources */ = {isa = PBXBuildFile; fileRef = AA0000020000000000000001 /* RealEstateAnalyzerApp.swift */; };
		AA0000030000000000000001 /* Property.swift in Sources */ = {isa = PBXBuildFile; fileRef = AA0000040000000000000001 /* Property.swift */; };
		AA0000050000000000000001 /* Analytics.swift in Sources */ = {isa = PBXBuildFile; fileRef = AA0000060000000000000001 /* Analytics.swift */; };
		AA0000070000000000000001 /* DataManager.swift in Sources */ = {isa = PBXBuildFile; fileRef = AA0000080000000000000001 /* DataManager.swift */; };
		AA0000090000000000000001 /* MetricsCalculator.swift in Sources */ = {isa = PBXBuildFile; fileRef = AA00000A0000000000000001 /* MetricsCalculator.swift */; };
		AA00000B0000000000000001 /* DashboardView.swift in Sources */ = {isa = PBXBuildFile; fileRef = AA00000C0000000000000001 /* DashboardView.swift */; };
		AA00000D0000000000000001 /* PropertyDetailView.swift in Sources */ = {isa = PBXBuildFile; fileRef = AA00000E0000000000000001 /* PropertyDetailView.swift */; };
		AA00000F0000000000000001 /* Extensions.swift in Sources */ = {isa = PBXBuildFile; fileRef = AA0000100000000000000001 /* Extensions.swift */; };
		AA0000270000000000000001 /* PropertyHeaderView.swift in Sources */ = {isa = PBXBuildFile; fileRef = AA0000280000000000000001 /* PropertyHeaderView.swift */; };
		AA0000290000000000000001 /* PropertyAnalyticsView.swift in Sources */ = {isa = PBXBuildFile; fileRef = AA00002A0000000000000001 /* PropertyAnalyticsView.swift */; };
		AA00002B0000000000000001 /* PropertyChartsView.swift in Sources */ = {isa = PBXBuildFile; fileRef = AA00002C0000000000000001 /* PropertyChartsView.swift */; };
		AA00002D0000000000000001 /* PropertyTenantsView.swift in Sources */ = {isa = PBXBuildFile; fileRef = AA00002E0000000000000001 /* PropertyTenantsView.swift */; };
		AA00002F0000000000000001 /* PropertyCalendarView.swift in Sources */ = {isa = PBXBuildFile; fileRef = AA0000300000000000000001 /* PropertyCalendarView.swift */; };
		AA0000310000000000000001 /* PropertyCashFlowView.swift in Sources */ = {isa = PBXBuildFile; fileRef = AA0000320000000000000001 /* PropertyCashFlowView.swift */; };
		AA0000330000000000000001 /* data.json in Resources */ = {isa = PBXBuildFile; fileRef = AA0000340000000000000001 /* data.json */; };
		AA0000350000000000000001 /* PropertyGalleryView.swift in Sources */ = {isa = PBXBuildFile; fileRef = AA0000360000000000000001 /* PropertyGalleryView.swift */; };
		AA0000370000000000000001 /* images.json in Resources */ = {isa = PBXBuildFile; fileRef = AA0000380000000000000001 /* images.json */; };
		AA0000390000000000000001 /* FormulaHelpView.swift in Sources */ = {isa = PBXBuildFile; fileRef = AA00003A0000000000000001 /* FormulaHelpView.swift */; };
		AA00003D0000000000000001 /* InlineEditableComponents.swift in Sources */ = {isa = PBXBuildFile; fileRef = AA00003E0000000000000001 /* InlineEditableComponents.swift */; };
		AA00003F0000000000000001 /* MonthEditPopup.swift in Sources */ = {isa = PBXBuildFile; fileRef = AA0000400000000000000001 /* MonthEditPopup.swift */; };
		AA0000410000000000000001 /* NewPropertySheet.swift in Sources */ = {isa = PBXBuildFile; fileRef = AA0000420000000000000001 /* NewPropertySheet.swift */; };
		AA0000430000000000000001 /* PropertyImagePlaceholder.swift in Sources */ = {isa = PBXBuildFile; fileRef = AA0000440000000000000001 /* PropertyImagePlaceholder.swift */; };
		AA0000450000000000000001 /* CollapsibleSection.swift in Sources */ = {isa = PBXBuildFile; fileRef = AA0000460000000000000001 /* CollapsibleSection.swift */; };
		AA0000470000000000000001 /* YearSelectorView.swift in Sources */ = {isa = PBXBuildFile; fileRef = AA0000480000000000000001 /* YearSelectorView.swift */; };
		AA0000490000000000000001 /* DeleteYearSheetView.swift in Sources */ = {isa = PBXBuildFile; fileRef = AA00004A0000000000000001 /* DeleteYearSheetView.swift */; };
		AA00004B0000000000000001 /* DeletePropertySheetView.swift in Sources */ = {isa = PBXBuildFile; fileRef = AA00004C0000000000000001 /* DeletePropertySheetView.swift */; };
		AA00004D0000000000000001 /* FullScreenChartPlaceholder.swift in Sources */ = {isa = PBXBuildFile; fileRef = AA00004E0000000000000001 /* FullScreenChartPlaceholder.swift */; };
		AA00004F0000000000000001 /* DeleteTenantSheetView.swift in Sources */ = {isa = PBXBuildFile; fileRef = AA0000500000000000000001 /* DeleteTenantSheetView.swift */; };
		AA0000510000000000000001 /* CalendarTabView.swift in Sources */ = {isa = PBXBuildFile; fileRef = AA0000520000000000000001 /* CalendarTabView.swift */; };
		AA0000530000000000000001 /* AnalyticsTabView.swift in Sources */ = {isa = PBXBuildFile; fileRef = AA0000540000000000000001 /* AnalyticsTabView.swift */; };
		AA0000550000000000000001 /* SettingsTabView.swift in Sources */ = {isa = PBXBuildFile; fileRef = AA0000560000000000000001 /* SettingsTabView.swift */; };
/* End PBXBuildFile section */

/* Begin PBXFileReference section */
		50C833A92EED8C8D0030DE96 /* ru */ = {isa = PBXFileReference; lastKnownFileType = text.plist.strings; name = ru; path = ru.lproj/Localizable.strings; sourceTree = "<group>"; };
		50C833AB2EED8C9A0030DE96 /* en */ = {isa = PBXFileReference; lastKnownFileType = text.plist.strings; name = en; path = en.lproj/Localizable.strings; sourceTree = "<group>"; };
		AA0000020000000000000001 /* RealEstateAnalyzerApp.swift */ = {isa = PBXFileReference; lastKnownFileType = sourcecode.swift; path = RealEstateAnalyzerApp.swift; sourceTree = "<group>"; };
		AA0000040000000000000001 /* Property.swift */ = {isa = PBXFileReference; lastKnownFileType = sourcecode.swift; path = Property.swift; sourceTree = "<group>"; };
		AA0000060000000000000001 /* Analytics.swift */ = {isa = PBXFileReference; lastKnownFileType = sourcecode.swift; path = Analytics.swift; sourceTree = "<group>"; };
		AA0000080000000000000001 /* DataManager.swift */ = {isa = PBXFileReference; lastKnownFileType = sourcecode.swift; path = DataManager.swift; sourceTree = "<group>"; };
		AA00000A0000000000000001 /* MetricsCalculator.swift */ = {isa = PBXFileReference; lastKnownFileType = sourcecode.swift; path = MetricsCalculator.swift; sourceTree = "<group>"; };
		AA00000C0000000000000001 /* DashboardView.swift */ = {isa = PBXFileReference; lastKnownFileType = sourcecode.swift; path = DashboardView.swift; sourceTree = "<group>"; };
		AA00000E0000000000000001 /* PropertyDetailView.swift */ = {isa = PBXFileReference; lastKnownFileType = sourcecode.swift; path = PropertyDetailView.swift; sourceTree = "<group>"; };
		AA0000100000000000000001 /* Extensions.swift */ = {isa = PBXFileReference; lastKnownFileType = sourcecode.swift; path = Extensions.swift; sourceTree = "<group>"; };
		AA0000110000000000000001 /* RealEstateAnalyzer.app */ = {isa = PBXFileReference; explicitFileType = wrapper.application; includeInIndex = 0; path = RealEstateAnalyzer.app; sourceTree = BUILT_PRODUCTS_DIR; };
		AA0000280000000000000001 /* PropertyHeaderView.swift */ = {isa = PBXFileReference; lastKnownFileType = sourcecode.swift; path = PropertyHeaderView.swift; sourceTree = "<group>"; };
		AA00002A0000000000000001 /* PropertyAnalyticsView.swift */ = {isa = PBXFileReference; lastKnownFileType = sourcecode.swift; path = PropertyAnalyticsView.swift; sourceTree = "<group>"; };
		AA00002C0000000000000001 /* PropertyChartsView.swift */ = {isa = PBXFileReference; lastKnownFileType = sourcecode.swift; path = PropertyChartsView.swift; sourceTree = "<group>"; };
		AA00002E0000000000000001 /* PropertyTenantsView.swift */ = {isa = PBXFileReference; lastKnownFileType = sourcecode.swift; path = PropertyTenantsView.swift; sourceTree = "<group>"; };
		AA0000300000000000000001 /* PropertyCalendarView.swift */ = {isa = PBXFileReference; lastKnownFileType = sourcecode.swift; path = PropertyCalendarView.swift; sourceTree = "<group>"; };
		AA0000320000000000000001 /* PropertyCashFlowView.swift */ = {isa = PBXFileReference; lastKnownFileType = sourcecode.swift; path = PropertyCashFlowView.swift; sourceTree = "<group>"; };
		AA0000340000000000000001 /* data.json */ = {isa = PBXFileReference; lastKnownFileType = text.json; path = data.json; sourceTree = "<group>"; };
		AA0000360000000000000001 /* PropertyGalleryView.swift */ = {isa = PBXFileReference; lastKnownFileType = sourcecode.swift; path = PropertyGalleryView.swift; sourceTree = "<group>"; };
		AA0000380000000000000001 /* images.json */ = {isa = PBXFileReference; lastKnownFileType = text.json; path = images.json; sourceTree = "<group>"; };
		AA00003A0000000000000001 /* FormulaHelpView.swift */ = {isa = PBXFileReference; lastKnownFileType = sourcecode.swift; path = FormulaHelpView.swift; sourceTree = "<group>"; };
		AA00003E0000000000000001 /* InlineEditableComponents.swift */ = {isa = PBXFileReference; lastKnownFileType = sourcecode.swift; path = InlineEditableComponents.swift; sourceTree = "<group>"; };
		AA0000400000000000000001 /* MonthEditPopup.swift */ = {isa = PBXFileReference; lastKnownFileType = sourcecode.swift; path = MonthEditPopup.swift; sourceTree = "<group>"; };
		AA0000420000000000000001 /* NewPropertySheet.swift */ = {isa = PBXFileReference; lastKnownFileType = sourcecode.swift; path = NewPropertySheet.swift; sourceTree = "<group>"; };
		AA0000440000000000000001 /* PropertyImagePlaceholder.swift */ = {isa = PBXFileReference; lastKnownFileType = sourcecode.swift; path = PropertyImagePlaceholder.swift; sourceTree = "<group>"; };
		AA0000460000000000000001 /* CollapsibleSection.swift */ = {isa = PBXFileReference; lastKnownFileType = sourcecode.swift; path = CollapsibleSection.swift; sourceTree = "<group>"; };
		AA0000480000000000000001 /* YearSelectorView.swift */ = {isa = PBXFileReference; lastKnownFileType = sourcecode.swift; path = YearSelectorView.swift; sourceTree = "<group>"; };
		AA00004A0000000000000001 /* DeleteYearSheetView.swift */ = {isa = PBXFileReference; lastKnownFileType = sourcecode.swift; path = DeleteYearSheetView.swift; sourceTree = "<group>"; };
		AA00004C0000000000000001 /* DeletePropertySheetView.swift */ = {isa = PBXFileReference; lastKnownFileType = sourcecode.swift; path = DeletePropertySheetView.swift; sourceTree = "<group>"; };
		AA00004E0000000000000001 /* FullScreenChartPlaceholder.swift */ = {isa = PBXFileReference; lastKnownFileType = sourcecode.swift; path = FullScreenChartPlaceholder.swift; sourceTree = "<group>"; };
		AA0000500000000000000001 /* DeleteTenantSheetView.swift */ = {isa = PBXFileReference; lastKnownFileType = sourcecode.swift; path = DeleteTenantSheetView.swift; sourceTree = "<group>"; };
		AA0000520000000000000001 /* CalendarTabView.swift */ = {isa = PBXFileReference; lastKnownFileType = sourcecode.swift; path = CalendarTabView.swift; sourceTree = "<group>"; };
		AA0000540000000000000001 /* AnalyticsTabView.swift */ = {isa = PBXFileReference; lastKnownFileType = sourcecode.swift; path = AnalyticsTabView.swift; sourceTree = "<group>"; };
		AA0000560000000000000001 /* SettingsTabView.swift */ = {isa = PBXFileReference; lastKnownFileType = sourcecode.swift; path = SettingsTabView.swift; sourceTree = "<group>"; };
/* End PBXFileReference section */

/* Begin PBXFrameworksBuildPhase section */
		AA0000120000000000000001 /* Frameworks */ = {
			isa = PBXFrameworksBuildPhase;
			buildActionMask = 2147483647;
			files = (
			);
			runOnlyForDeploymentPostprocessing = 0;
		};
/* End PBXFrameworksBuildPhase section */

/* Begin PBXGroup section */
		AA0000130000000000000001 = {
			isa = PBXGroup;
			children = (
				AA0000140000000000000001 /* RealEstateAnalyzer */,
				AA0000150000000000000001 /* Products */,
			);
			sourceTree = "<group>";
		};
		AA0000140000000000000001 /* RealEstateAnalyzer */ = {
			isa = PBXGroup;
			children = (
				AA0000160000000000000001 /* App */,
				AA0000170000000000000001 /* Models */,
				AA0000180000000000000001 /* Services */,
				AA0000190000000000000001 /* Views */,
				AA00001A0000000000000001 /* Utilities */,
				AA0000340000000000000001 /* data.json */,
				AA0000380000000000000001 /* images.json */,
				50C833AA2EED8C8D0030DE96 /* Localizable.strings */,
			);
			path = RealEstateAnalyzer;
			sourceTree = "<group>";
		};
		AA0000150000000000000001 /* Products */ = {
			isa = PBXGroup;
			children = (
				AA0000110000000000000001 /* RealEstateAnalyzer.app */,
			);
			name = Products;
			sourceTree = "<group>";
		};
		AA0000160000000000000001 /* App */ = {
			isa = PBXGroup;
			children = (
				AA0000020000000000000001 /* RealEstateAnalyzerApp.swift */,
			);
			path = App;
			sourceTree = "<group>";
		};
		AA0000170000000000000001 /* Models */ = {
			isa = PBXGroup;
			children = (
				AA0000040000000000000001 /* Property.swift */,
				AA0000060000000000000001 /* Analytics.swift */,
			);
			path = Models;
			sourceTree = "<group>";
		};
		AA0000180000000000000001 /* Services */ = {
			isa = PBXGroup;
			children = (
				AA0000080000000000000001 /* DataManager.swift */,
				AA00000A0000000000000001 /* MetricsCalculator.swift */,
			);
			path = Services;
			sourceTree = "<group>";
		};
		AA0000190000000000000001 /* Views */ = {
			isa = PBXGroup;
			children = (
				AA00001B0000000000000001 /* Dashboard */,
				AA00001C0000000000000001 /* PropertyDetail */,
			);
			path = Views;
			sourceTree = "<group>";
		};
		AA00001A0000000000000001 /* Utilities */ = {
			isa = PBXGroup;
			children = (
				AA0000100000000000000001 /* Extensions.swift */,
			);
			path = Utilities;
			sourceTree = "<group>";
		};
		AA00001B0000000000000001 /* Dashboard */ = {
			isa = PBXGroup;
			children = (
				AA00000C0000000000000001 /* DashboardView.swift */,
				AA0000420000000000000001 /* NewPropertySheet.swift */,
				AA0000440000000000000001 /* PropertyImagePlaceholder.swift */,
				AA0000520000000000000001 /* CalendarTabView.swift */,
				AA0000540000000000000001 /* AnalyticsTabView.swift */,
				AA0000560000000000000001 /* SettingsTabView.swift */,
			);
			path = Dashboard;
			sourceTree = "<group>";
		};
		AA00001C0000000000000001 /* PropertyDetail */ = {
			isa = PBXGroup;
			children = (
				AA00000E0000000000000001 /* PropertyDetailView.swift */,
				AA0000280000000000000001 /* PropertyHeaderView.swift */,
				AA0000360000000000000001 /* PropertyGalleryView.swift */,
				AA00002A0000000000000001 /* PropertyAnalyticsView.swift */,
				AA00002C0000000000000001 /* PropertyChartsView.swift */,
				AA00002E0000000000000001 /* PropertyTenantsView.swift */,
				AA0000300000000000000001 /* PropertyCalendarView.swift */,
				AA0000320000000000000001 /* PropertyCashFlowView.swift */,
				AA00003A0000000000000001 /* FormulaHelpView.swift */,
				AA00003E0000000000000001 /* InlineEditableComponents.swift */,
				AA0000400000000000000001 /* MonthEditPopup.swift */,
				AA0000460000000000000001 /* CollapsibleSection.swift */,
				AA0000480000000000000001 /* YearSelectorView.swift */,
				AA00004A0000000000000001 /* DeleteYearSheetView.swift */,
				AA00004C0000000000000001 /* DeletePropertySheetView.swift */,
				AA0000500000000000000001 /* DeleteTenantSheetView.swift */,
				AA00004E0000000000000001 /* FullScreenChartPlaceholder.swift */,
			);
			path = PropertyDetail;
			sourceTree = "<group>";
		};
/* End PBXGroup section */

/* Begin PBXNativeTarget section */
		AA00001D0000000000000001 /* RealEstateAnalyzer */ = {
			isa = PBXNativeTarget;
			buildConfigurationList = AA00001E0000000000000001 /* Build configuration list for PBXNativeTarget "RealEstateAnalyzer" */;
			buildPhases = (
				AA00001F0000000000000001 /* Sources */,
				AA0000120000000000000001 /* Frameworks */,
				AA0000200000000000000001 /* Resources */,
			);
			buildRules = (
			);
			dependencies = (
			);
			name = RealEstateAnalyzer;
			productName = RealEstateAnalyzer;
			productReference = AA0000110000000000000001 /* RealEstateAnalyzer.app */;
			productType = "com.apple.product-type.application";
		};
/* End PBXNativeTarget section */

/* Begin PBXProject section */
		AA0000210000000000000001 /* Project object */ = {
			isa = PBXProject;
			attributes = {
				BuildIndependentTargetsInParallel = 1;
				LastSwiftUpdateCheck = 1420;
				LastUpgradeCheck = 1420;
				TargetAttributes = {
					AA00001D0000000000000001 = {
						CreatedOnToolsVersion = 14.2;
					};
				};
			};
			buildConfigurationList = AA0000220000000000000001 /* Build configuration list for PBXProject "RealEstateAnalyzer" */;
			compatibilityVersion = "Xcode 14.0";
			developmentRegion = ru;
			hasScannedForEncodings = 0;
			knownRegions = (
				ru,
				en,
			);
			mainGroup = AA0000130000000000000001;
			productRefGroup = AA0000150000000000000001 /* Products */;
			projectDirPath = "";
			projectRoot = "";
			targets = (
				AA00001D0000000000000001 /* RealEstateAnalyzer */,
			);
		};
/* End PBXProject section */

/* Begin PBXResourcesBuildPhase section */
		AA0000200000000000000001 /* Resources */ = {
			isa = PBXResourcesBuildPhase;
			buildActionMask = 2147483647;
			files = (
				AA0000330000000000000001 /* data.json in Resources */,
				AA0000370000000000000001 /* images.json in Resources */,
				50C833A82EED8C8D0030DE96 /* Localizable.strings in Resources */,
			);
			runOnlyForDeploymentPostprocessing = 0;
		};
/* End PBXResourcesBuildPhase section */

/* Begin PBXSourcesBuildPhase section */
		AA00001F0000000000000001 /* Sources */ = {
			isa = PBXSourcesBuildPhase;
			buildActionMask = 2147483647;
			files = (
				AA0000010000000000000001 /* RealEstateAnalyzerApp.swift in Sources */,
				AA0000030000000000000001 /* Property.swift in Sources */,
				AA0000050000000000000001 /* Analytics.swift in Sources */,
				AA0000070000000000000001 /* DataManager.swift in Sources */,
				AA0000090000000000000001 /* MetricsCalculator.swift in Sources */,
				AA00000B0000000000000001 /* DashboardView.swift in Sources */,
				AA0000410000000000000001 /* NewPropertySheet.swift in Sources */,
				AA0000430000000000000001 /* PropertyImagePlaceholder.swift in Sources */,
				AA00000D0000000000000001 /* PropertyDetailView.swift in Sources */,
				AA00000F0000000000000001 /* Extensions.swift in Sources */,
				AA0000270000000000000001 /* PropertyHeaderView.swift in Sources */,
				AA0000290000000000000001 /* PropertyAnalyticsView.swift in Sources */,
				AA00002B0000000000000001 /* PropertyChartsView.swift in Sources */,
				AA00002D0000000000000001 /* PropertyTenantsView.swift in Sources */,
				AA00002F0000000000000001 /* PropertyCalendarView.swift in Sources */,
				AA0000310000000000000001 /* PropertyCashFlowView.swift in Sources */,
				AA0000350000000000000001 /* PropertyGalleryView.swift in Sources */,
				AA0000390000000000000001 /* FormulaHelpView.swift in Sources */,
				AA00003D0000000000000001 /* InlineEditableComponents.swift in Sources */,
				AA00003F0000000000000001 /* MonthEditPopup.swift in Sources */,
				AA0000450000000000000001 /* CollapsibleSection.swift in Sources */,
				AA0000470000000000000001 /* YearSelectorView.swift in Sources */,
				AA0000490000000000000001 /* DeleteYearSheetView.swift in Sources */,
				AA00004B0000000000000001 /* DeletePropertySheetView.swift in Sources */,
				AA00004F0000000000000001 /* DeleteTenantSheetView.swift in Sources */,
				AA00004D0000000000000001 /* FullScreenChartPlaceholder.swift in Sources */,
				AA0000510000000000000001 /* CalendarTabView.swift in Sources */,
				AA0000530000000000000001 /* AnalyticsTabView.swift in Sources */,
				AA0000550000000000000001 /* SettingsTabView.swift in Sources */,
			);
			runOnlyForDeploymentPostprocessing = 0;
		};
/* End PBXSourcesBuildPhase section */

/* Begin PBXVariantGroup section */
		50C833AA2EED8C8D0030DE96 /* Localizable.strings */ = {
			isa = PBXVariantGroup;
			children = (
				50C833A92EED8C8D0030DE96 /* ru */,
				50C833AB2EED8C9A0030DE96 /* en */,
			);
			name = Localizable.strings;
			sourceTree = "<group>";
		};
/* End PBXVariantGroup section */

/* Begin XCBuildConfiguration section */
		AA0000230000000000000001 /* Debug */ = {
			isa = XCBuildConfiguration;
			buildSettings = {
				ALWAYS_SEARCH_USER_PATHS = NO;
				ASSETCATALOG_COMPILER_APPICON_NAME = AppIcon;
				ASSETCATALOG_COMPILER_GENERATE_SWIFT_ASSET_SYMBOL_EXTENSIONS = YES;
				CLANG_ANALYZER_NONNULL = YES;
				CLANG_ANALYZER_NUMBER_OBJECT_CONVERSION = YES_AGGRESSIVE;
				CLANG_CXX_LANGUAGE_STANDARD = "gnu++20";
				CLANG_ENABLE_MODULES = YES;
				CLANG_ENABLE_OBJC_ARC = YES;
				CLANG_ENABLE_OBJC_WEAK = YES;
				CLANG_WARN_BLOCK_CAPTURE_AUTORELEASING = YES;
				CLANG_WARN_BOOL_CONVERSION = YES;
				CLANG_WARN_COMMA = YES;
				CLANG_WARN_CONSTANT_CONVERSION = YES;
				CLANG_WARN_DEPRECATED_OBJC_IMPLEMENTATIONS = YES;
				CLANG_WARN_DIRECT_OBJC_ISA_USAGE = YES_ERROR;
				CLANG_WARN_DOCUMENTATION_COMMENTS = YES;
				CLANG_WARN_EMPTY_BODY = YES;
				CLANG_WARN_ENUM_CONVERSION = YES;
				CLANG_WARN_INFINITE_RECURSION = YES;
				CLANG_WARN_INT_CONVERSION = YES;
				CLANG_WARN_NON_LITERAL_NULL_CONVERSION = YES;
				CLANG_WARN_OBJC_IMPLICIT_RETAIN_SELF = YES;
				CLANG_WARN_OBJC_LITERAL_CONVERSION = YES;
				CLANG_WARN_OBJC_ROOT_CLASS = YES_ERROR;
				CLANG_WARN_QUOTED_INCLUDE_IN_FRAMEWORK_HEADER = YES;
				CLANG_WARN_RANGE_LOOP_ANALYSIS = YES;
				CLANG_WARN_STRICT_PROTOTYPES = YES;
				CLANG_WARN_SUSPICIOUS_MOVE = YES;
				CLANG_WARN_UNGUARDED_AVAILABILITY = YES_AGGRESSIVE;
				CLANG_WARN_UNREACHABLE_CODE = YES;
				CLANG_WARN__DUPLICATE_METHOD_MATCH = YES;
				COPY_PHASE_STRIP = NO;
				DEBUG_INFORMATION_FORMAT = dwarf;
				ENABLE_STRICT_OBJC_MSGSEND = YES;
				ENABLE_TESTABILITY = YES;
				ENABLE_USER_SCRIPT_SANDBOXING = YES;
				GCC_C_LANGUAGE_STANDARD = gnu17;
				GCC_DYNAMIC_NO_PIC = NO;
				GCC_NO_COMMON_BLOCKS = YES;
				GCC_OPTIMIZATION_LEVEL = 0;
				GCC_PREPROCESSOR_DEFINITIONS = (
					"DEBUG=1",
					"$(inherited)",
				);
				GCC_WARN_64_TO_32_BIT_CONVERSION = YES;
				GCC_WARN_ABOUT_RETURN_TYPE = YES_ERROR;
				GCC_WARN_UNDECLARED_SELECTOR = YES;
				GCC_WARN_UNINITIALIZED_AUTOS = YES_AGGRESSIVE;
				GCC_WARN_UNUSED_FUNCTION = YES;
				GCC_WARN_UNUSED_VARIABLE = YES;
				IPHONEOS_DEPLOYMENT_TARGET = 14.2;
				LOCALIZATION_PREFERS_STRING_CATALOGS = YES;
				MTL_ENABLE_DEBUG_INFO = INCLUDE_SOURCE;
				MTL_FAST_MATH = YES;
				ONLY_ACTIVE_ARCH = YES;
				SDKROOT = iphoneos;
				SWIFT_ACTIVE_COMPILATION_CONDITIONS = "DEBUG $(inherited)";
				SWIFT_OPTIMIZATION_LEVEL = "-Onone";
			};
			name = Debug;
		};
		AA0000240000000000000001 /* Release */ = {
			isa = XCBuildConfiguration;
			buildSettings = {
				ALWAYS_SEARCH_USER_PATHS = NO;
				ASSETCATALOG_COMPILER_APPICON_NAME = AppIcon;
				ASSETCATALOG_COMPILER_GENERATE_SWIFT_ASSET_SYMBOL_EXTENSIONS = YES;
				CLANG_ANALYZER_NONNULL = YES;
				CLANG_ANALYZER_NUMBER_OBJECT_CONVERSION = YES_AGGRESSIVE;
				CLANG_CXX_LANGUAGE_STANDARD = "gnu++20";
				CLANG_ENABLE_MODULES = YES;
				CLANG_ENABLE_OBJC_ARC = YES;
				CLANG_ENABLE_OBJC_WEAK = YES;
				CLANG_WARN_BLOCK_CAPTURE_AUTORELEASING = YES;
				CLANG_WARN_BOOL_CONVERSION = YES;
				CLANG_WARN_COMMA = YES;
				CLANG_WARN_CONSTANT_CONVERSION = YES;
				CLANG_WARN_DEPRECATED_OBJC_IMPLEMENTATIONS = YES;
				CLANG_WARN_DIRECT_OBJC_ISA_USAGE = YES_ERROR;
				CLANG_WARN_DOCUMENTATION_COMMENTS = YES;
				CLANG_WARN_EMPTY_BODY = YES;
				CLANG_WARN_ENUM_CONVERSION = YES;
				CLANG_WARN_INFINITE_RECURSION = YES;
				CLANG_WARN_INT_CONVERSION = YES;
				CLANG_WARN_NON_LITERAL_NULL_CONVERSION = YES;
				CLANG_WARN_OBJC_IMPLICIT_RETAIN_SELF = YES;
				CLANG_WARN_OBJC_LITERAL_CONVERSION = YES;
				CLANG_WARN_OBJC_ROOT_CLASS = YES_ERROR;
				CLANG_WARN_QUOTED_INCLUDE_IN_FRAMEWORK_HEADER = YES;
				CLANG_WARN_RANGE_LOOP_ANALYSIS = YES;
				CLANG_WARN_STRICT_PROTOTYPES = YES;
				CLANG_WARN_SUSPICIOUS_MOVE = YES;
				CLANG_WARN_UNGUARDED_AVAILABILITY = YES_AGGRESSIVE;
				CLANG_WARN_UNREACHABLE_CODE = YES;
				CLANG_WARN__DUPLICATE_METHOD_MATCH = YES;
				COPY_PHASE_STRIP = NO;
				DEBUG_INFORMATION_FORMAT = "dwarf-with-dsym";
				ENABLE_NS_ASSERTIONS = NO;
				ENABLE_STRICT_OBJC_MSGSEND = YES;
				ENABLE_USER_SCRIPT_SANDBOXING = YES;
				GCC_C_LANGUAGE_STANDARD = gnu17;
				GCC_NO_COMMON_BLOCKS = YES;
				GCC_WARN_64_TO_32_BIT_CONVERSION = YES;
				GCC_WARN_ABOUT_RETURN_TYPE = YES_ERROR;
				GCC_WARN_UNDECLARED_SELECTOR = YES;
				GCC_WARN_UNINITIALIZED_AUTOS = YES_AGGRESSIVE;
				GCC_WARN_UNUSED_FUNCTION = YES;
				GCC_WARN_UNUSED_VARIABLE = YES;
				IPHONEOS_DEPLOYMENT_TARGET = 14.2;
				LOCALIZATION_PREFERS_STRING_CATALOGS = YES;
				MTL_ENABLE_DEBUG_INFO = NO;
				MTL_FAST_MATH = YES;
				SDKROOT = iphoneos;
				SWIFT_COMPILATION_MODE = wholemodule;
				VALIDATE_PRODUCT = YES;
			};
			name = Release;
		};
		AA0000250000000000000001 /* Debug */ = {
			isa = XCBuildConfiguration;
			buildSettings = {
				ASSETCATALOG_COMPILER_APPICON_NAME = AppIcon;
				ASSETCATALOG_COMPILER_GENERATE_SWIFT_ASSET_SYMBOL_EXTENSIONS = YES;
				CODE_SIGN_STYLE = Automatic;
				CURRENT_PROJECT_VERSION = 1;
				DEVELOPMENT_TEAM = "";
				GENERATE_INFOPLIST_FILE = YES;
				INFOPLIST_KEY_UIApplicationSceneManifest_Generation = YES;
				INFOPLIST_KEY_UIApplicationSupportsIndirectInputEvents = YES;
				INFOPLIST_KEY_UILaunchScreen_Generation = YES;
				INFOPLIST_KEY_UISupportedInterfaceOrientations_iPad = "UIInterfaceOrientationPortrait UIInterfaceOrientationPortraitUpsideDown UIInterfaceOrientationLandscapeLeft UIInterfaceOrientationLandscapeRight";
				INFOPLIST_KEY_UISupportedInterfaceOrientations_iPhone = "UIInterfaceOrientationPortrait UIInterfaceOrientationLandscapeLeft UIInterfaceOrientationLandscapeRight";
				IPHONEOS_DEPLOYMENT_TARGET = 14.2;
				LD_RUNPATH_SEARCH_PATHS = (
					"$(inherited)",
					"@executable_path/Frameworks",
				);
				MARKETING_VERSION = 1.0;
				PRODUCT_BUNDLE_IDENTIFIER = com.realestateanalyzer.app;
				PRODUCT_NAME = "$(TARGET_NAME)";
				SWIFT_EMIT_LOC_STRINGS = YES;
				SWIFT_VERSION = 5.0;
				TARGETED_DEVICE_FAMILY = "1,2";
			};
			name = Debug;
		};
		AA0000260000000000000001 /* Release */ = {
			isa = XCBuildConfiguration;
			buildSettings = {
				ASSETCATALOG_COMPILER_APPICON_NAME = AppIcon;
				ASSETCATALOG_COMPILER_GENERATE_SWIFT_ASSET_SYMBOL_EXTENSIONS = YES;
				CODE_SIGN_STYLE = Automatic;
				CURRENT_PROJECT_VERSION = 1;
				DEVELOPMENT_TEAM = "";
				GENERATE_INFOPLIST_FILE = YES;
				INFOPLIST_KEY_UIApplicationSceneManifest_Generation = YES;
				INFOPLIST_KEY_UIApplicationSupportsIndirectInputEvents = YES;
				INFOPLIST_KEY_UILaunchScreen_Generation = YES;
				INFOPLIST_KEY_UISupportedInterfaceOrientations_iPad = "UIInterfaceOrientationPortrait UIInterfaceOrientationPortraitUpsideDown UIInterfaceOrientationLandscapeLeft UIInterfaceOrientationLandscapeRight";
				INFOPLIST_KEY_UISupportedInterfaceOrientations_iPhone = "UIInterfaceOrientationPortrait UIInterfaceOrientationLandscapeLeft UIInterfaceOrientationLandscapeRight";
				IPHONEOS_DEPLOYMENT_TARGET = 14.2;
				LD_RUNPATH_SEARCH_PATHS = (
					"$(inherited)",
					"@executable_path/Frameworks",
				);
				MARKETING_VERSION = 1.0;
				PRODUCT_BUNDLE_IDENTIFIER = com.realestateanalyzer.app;
				PRODUCT_NAME = "$(TARGET_NAME)";
				SWIFT_EMIT_LOC_STRINGS = YES;
				SWIFT_VERSION = 5.0;
				TARGETED_DEVICE_FAMILY = "1,2";
			};
			name = Release;
		};
/* End XCBuildConfiguration section */

/* Begin XCConfigurationList section */
		AA00001E0000000000000001 /* Build configuration list for PBXNativeTarget "RealEstateAnalyzer" */ = {
			isa = XCConfigurationList;
			buildConfigurations = (
				AA0000250000000000000001 /* Debug */,
				AA0000260000000000000001 /* Release */,
			);
			defaultConfigurationIsVisible = 0;
			defaultConfigurationName = Release;
		};
		AA0000220000000000000001 /* Build configuration list for PBXProject "RealEstateAnalyzer" */ = {
			isa = XCConfigurationList;
			buildConfigurations = (
				AA0000230000000000000001 /* Debug */,
				AA0000240000000000000001 /* Release */,
			);
			defaultConfigurationIsVisible = 0;
			defaultConfigurationName = Release;
		};
/* End XCConfigurationList section */
	};
	rootObject = AA0000210000000000000001 /* Project object */;
}
